// !$*UTF8*$!
{
	archiveVersion = 1;
	classes = {
	};
	objectVersion = 46;
	objects = {

/* Begin PBXBuildFile section */
		F98CDBF7199848F100A69047 /* AppDelegate.swift in Sources */ = {isa = PBXBuildFile; fileRef = F98CDBF6199848F100A69047 /* AppDelegate.swift */; };
		F98CDBF9199848F100A69047 /* ViewController.swift in Sources */ = {isa = PBXBuildFile; fileRef = F98CDBF8199848F100A69047 /* ViewController.swift */; };
		F98CDBFC199848F100A69047 /* Main.storyboard in Resources */ = {isa = PBXBuildFile; fileRef = F98CDBFA199848F100A69047 /* Main.storyboard */; };
		F98CDBFE199848F100A69047 /* Images.xcassets in Resources */ = {isa = PBXBuildFile; fileRef = F98CDBFD199848F100A69047 /* Images.xcassets */; };
		F98CDC0A199848F100A69047 /* MySwiftWayTests.swift in Sources */ = {isa = PBXBuildFile; fileRef = F98CDC09199848F100A69047 /* MySwiftWayTests.swift */; };
/* End PBXBuildFile section */

/* Begin PBXContainerItemProxy section */
		F98CDC04199848F100A69047 /* PBXContainerItemProxy */ = {
			isa = PBXContainerItemProxy;
			containerPortal = F98CDBE9199848F100A69047 /* Project object */;
			proxyType = 1;
			remoteGlobalIDString = F98CDBF0199848F100A69047;
			remoteInfo = MySwiftWay;
		};
/* End PBXContainerItemProxy section */

/* Begin PBXFileReference section */
		F98CDBF1199848F100A69047 /* MySwiftWay.app */ = {isa = PBXFileReference; explicitFileType = wrapper.application; includeInIndex = 0; path = MySwiftWay.app; sourceTree = BUILT_PRODUCTS_DIR; };
		F98CDBF5199848F100A69047 /* Info.plist */ = {isa = PBXFileReference; lastKnownFileType = text.plist.xml; path = Info.plist; sourceTree = "<group>"; };
		F98CDBF6199848F100A69047 /* AppDelegate.swift */ = {isa = PBXFileReference; lastKnownFileType = sourcecode.swift; path = AppDelegate.swift; sourceTree = "<group>"; };
		F98CDBF8199848F100A69047 /* ViewController.swift */ = {isa = PBXFileReference; lastKnownFileType = sourcecode.swift; path = ViewController.swift; sourceTree = "<group>"; };
		F98CDBFB199848F100A69047 /* Base */ = {isa = PBXFileReference; lastKnownFileType = file.storyboard; name = Base; path = Base.lproj/Main.storyboard; sourceTree = "<group>"; };
		F98CDBFD199848F100A69047 /* Images.xcassets */ = {isa = PBXFileReference; lastKnownFileType = folder.assetcatalog; path = Images.xcassets; sourceTree = "<group>"; };
		F98CDC03199848F100A69047 /* MySwiftWayTests.xctest */ = {isa = PBXFileReference; explicitFileType = wrapper.cfbundle; includeInIndex = 0; path = MySwiftWayTests.xctest; sourceTree = BUILT_PRODUCTS_DIR; };
		F98CDC08199848F100A69047 /* Info.plist */ = {isa = PBXFileReference; lastKnownFileType = text.plist.xml; path = Info.plist; sourceTree = "<group>"; };
		F98CDC09199848F100A69047 /* MySwiftWayTests.swift */ = {isa = PBXFileReference; lastKnownFileType = sourcecode.swift; path = MySwiftWayTests.swift; sourceTree = "<group>"; };
/* End PBXFileReference section */

/* Begin PBXFrameworksBuildPhase section */
		F98CDBEE199848F100A69047 /* Frameworks */ = {
			isa = PBXFrameworksBuildPhase;
			buildActionMask = 2147483647;
			files = (
			);
			runOnlyForDeploymentPostprocessing = 0;
		};
		F98CDC00199848F100A69047 /* Frameworks */ = {
			isa = PBXFrameworksBuildPhase;
			buildActionMask = 2147483647;
			files = (
			);
			runOnlyForDeploymentPostprocessing = 0;
		};
/* End PBXFrameworksBuildPhase section */

/* Begin PBXGroup section */
		F98CDBE8199848F100A69047 = {
			isa = PBXGroup;
			children = (
				F98CDBF3199848F100A69047 /* MySwiftWay */,
				F98CDC06199848F100A69047 /* MySwiftWayTests */,
				F98CDBF2199848F100A69047 /* Products */,
			);
			sourceTree = "<group>";
		};
		F98CDBF2199848F100A69047 /* Products */ = {
			isa = PBXGroup;
			children = (
				F98CDBF1199848F100A69047 /* MySwiftWay.app */,
				F98CDC03199848F100A69047 /* MySwiftWayTests.xctest */,
			);
			name = Products;
			sourceTree = "<group>";
		};
		F98CDBF3199848F100A69047 /* MySwiftWay */ = {
			isa = PBXGroup;
			children = (
				F98CDBF6199848F100A69047 /* AppDelegate.swift */,
				F98CDBF8199848F100A69047 /* ViewController.swift */,
				F98CDBFA199848F100A69047 /* Main.storyboard */,
				F98CDBFD199848F100A69047 /* Images.xcassets */,
				F98CDBF4199848F100A69047 /* Supporting Files */,
			);
			path = MySwiftWay;
			sourceTree = "<group>";
		};
		F98CDBF4199848F100A69047 /* Supporting Files */ = {
			isa = PBXGroup;
			children = (
				F98CDBF5199848F100A69047 /* Info.plist */,
			);
			name = "Supporting Files";
			sourceTree = "<group>";
		};
		F98CDC06199848F100A69047 /* MySwiftWayTests */ = {
			isa = PBXGroup;
			children = (
				F98CDC09199848F100A69047 /* MySwiftWayTests.swift */,
				F98CDC07199848F100A69047 /* Supporting Files */,
			);
			path = MySwiftWayTests;
			sourceTree = "<group>";
		};
		F98CDC07199848F100A69047 /* Supporting Files */ = {
			isa = PBXGroup;
			children = (
				F98CDC08199848F100A69047 /* Info.plist */,
			);
			name = "Supporting Files";
			sourceTree = "<group>";
		};
/* End PBXGroup section */

/* Begin PBXNativeTarget section */
		F98CDBF0199848F100A69047 /* MySwiftWay */ = {
			isa = PBXNativeTarget;
			buildConfigurationList = F98CDC0D199848F100A69047 /* Build configuration list for PBXNativeTarget "MySwiftWay" */;
			buildPhases = (
				F98CDBED199848F100A69047 /* Sources */,
				F98CDBEE199848F100A69047 /* Frameworks */,
				F98CDBEF199848F100A69047 /* Resources */,
			);
			buildRules = (
			);
			dependencies = (
			);
			name = MySwiftWay;
			productName = MySwiftWay;
			productReference = F98CDBF1199848F100A69047 /* MySwiftWay.app */;
			productType = "com.apple.product-type.application";
		};
		F98CDC02199848F100A69047 /* MySwiftWayTests */ = {
			isa = PBXNativeTarget;
			buildConfigurationList = F98CDC10199848F100A69047 /* Build configuration list for PBXNativeTarget "MySwiftWayTests" */;
			buildPhases = (
				F98CDBFF199848F100A69047 /* Sources */,
				F98CDC00199848F100A69047 /* Frameworks */,
				F98CDC01199848F100A69047 /* Resources */,
			);
			buildRules = (
			);
			dependencies = (
				F98CDC05199848F100A69047 /* PBXTargetDependency */,
			);
			name = MySwiftWayTests;
			productName = MySwiftWayTests;
			productReference = F98CDC03199848F100A69047 /* MySwiftWayTests.xctest */;
			productType = "com.apple.product-type.bundle.unit-test";
		};
/* End PBXNativeTarget section */

/* Begin PBXProject section */
		F98CDBE9199848F100A69047 /* Project object */ = {
			isa = PBXProject;
			attributes = {
				LastUpgradeCheck = 0600;
				ORGANIZATIONNAME = "Onet away";
				TargetAttributes = {
					F98CDBF0199848F100A69047 = {
						CreatedOnToolsVersion = 6.0;
					};
					F98CDC02199848F100A69047 = {
						CreatedOnToolsVersion = 6.0;
						TestTargetID = F98CDBF0199848F100A69047;
					};
				};
			};
			buildConfigurationList = F98CDBEC199848F100A69047 /* Build configuration list for PBXProject "MySwiftWay" */;
			compatibilityVersion = "Xcode 3.2";
			developmentRegion = English;
			hasScannedForEncodings = 0;
			knownRegions = (
				en,
				Base,
			);
			mainGroup = F98CDBE8199848F100A69047;
			productRefGroup = F98CDBF2199848F100A69047 /* Products */;
			projectDirPath = "";
			projectRoot = "";
			targets = (
				F98CDBF0199848F100A69047 /* MySwiftWay */,
				F98CDC02199848F100A69047 /* MySwiftWayTests */,
			);
		};
/* End PBXProject section */

/* Begin PBXResourcesBuildPhase section */
		F98CDBEF199848F100A69047 /* Resources */ = {
			isa = PBXResourcesBuildPhase;
			buildActionMask = 2147483647;
			files = (
				F98CDBFC199848F100A69047 /* Main.storyboard in Resources */,
				F98CDBFE199848F100A69047 /* Images.xcassets in Resources */,
			);
			runOnlyForDeploymentPostprocessing = 0;
		};
		F98CDC01199848F100A69047 /* Resources */ = {
			isa = PBXResourcesBuildPhase;
			buildActionMask = 2147483647;
			files = (
			);
			runOnlyForDeploymentPostprocessing = 0;
		};
/* End PBXResourcesBuildPhase section */

/* Begin PBXSourcesBuildPhase section */
		F98CDBED199848F100A69047 /* Sources */ = {
			isa = PBXSourcesBuildPhase;
			buildActionMask = 2147483647;
			files = (
				F98CDBF9199848F100A69047 /* ViewController.swift in Sources */,
				F98CDBF7199848F100A69047 /* AppDelegate.swift in Sources */,
			);
			runOnlyForDeploymentPostprocessing = 0;
		};
		F98CDBFF199848F100A69047 /* Sources */ = {
			isa = PBXSourcesBuildPhase;
			buildActionMask = 2147483647;
			files = (
				F98CDC0A199848F100A69047 /* MySwiftWayTests.swift in Sources */,
			);
			runOnlyForDeploymentPostprocessing = 0;
		};
/* End PBXSourcesBuildPhase section */

/* Begin PBXTargetDependency section */
		F98CDC05199848F100A69047 /* PBXTargetDependency */ = {
			isa = PBXTargetDependency;
			target = F98CDBF0199848F100A69047 /* MySwiftWay */;
			targetProxy = F98CDC04199848F100A69047 /* PBXContainerItemProxy */;
		};
/* End PBXTargetDependency section */

/* Begin PBXVariantGroup section */
		F98CDBFA199848F100A69047 /* Main.storyboard */ = {
			isa = PBXVariantGroup;
			children = (
				F98CDBFB199848F100A69047 /* Base */,
			);
			name = Main.storyboard;
			sourceTree = "<group>";
		};
/* End PBXVariantGroup section */

/* Begin XCBuildConfiguration section */
		F98CDC0B199848F100A69047 /* Debug */ = {
			isa = XCBuildConfiguration;
			buildSettings = {
				ALWAYS_SEARCH_USER_PATHS = NO;
				CLANG_CXX_LANGUAGE_STANDARD = "gnu++0x";
				CLANG_CXX_LIBRARY = "libc++";
				CLANG_ENABLE_MODULES = YES;
				CLANG_ENABLE_OBJC_ARC = YES;
				CLANG_WARN_BOOL_CONVERSION = YES;
				CLANG_WARN_CONSTANT_CONVERSION = YES;
				CLANG_WARN_DIRECT_OBJC_ISA_USAGE = YES_ERROR;
				CLANG_WARN_EMPTY_BODY = YES;
				CLANG_WARN_ENUM_CONVERSION = YES;
				CLANG_WARN_INT_CONVERSION = YES;
				CLANG_WARN_OBJC_ROOT_CLASS = YES_ERROR;
				CLANG_WARN_UNREACHABLE_CODE = YES;
				CLANG_WARN__DUPLICATE_METHOD_MATCH = YES;
				"CODE_SIGN_IDENTITY[sdk=iphoneos*]" = "iPhone Developer";
				COPY_PHASE_STRIP = NO;
				ENABLE_STRICT_OBJC_MSGSEND = YES;
				GCC_C_LANGUAGE_STANDARD = gnu99;
				GCC_DYNAMIC_NO_PIC = NO;
				GCC_OPTIMIZATION_LEVEL = 0;
				GCC_PREPROCESSOR_DEFINITIONS = (
					"DEBUG=1",
					"$(inherited)",
				);
				GCC_SYMBOLS_PRIVATE_EXTERN = NO;
				GCC_WARN_64_TO_32_BIT_CONVERSION = YES;
				GCC_WARN_ABOUT_RETURN_TYPE = YES_ERROR;
				GCC_WARN_UNDECLARED_SELECTOR = YES;
				GCC_WARN_UNINITIALIZED_AUTOS = YES_AGGRESSIVE;
				GCC_WARN_UNUSED_FUNCTION = YES;
				GCC_WARN_UNUSED_VARIABLE = YES;
				IPHONEOS_DEPLOYMENT_TARGET = 8.0;
				MTL_ENABLE_DEBUG_INFO = YES;
				ONLY_ACTIVE_ARCH = YES;
				SDKROOT = iphoneos;
				SWIFT_OPTIMIZATION_LEVEL = "-Onone";
				TARGETED_DEVICE_FAMILY = "1,2";
			};
			name = Debug;
		};
		F98CDC0C199848F100A69047 /* Release */ = {
			isa = XCBuildConfiguration;
			buildSettings = {
				ALWAYS_SEARCH_USER_PATHS = NO;
				CLANG_CXX_LANGUAGE_STANDARD = "gnu++0x";
				CLANG_CXX_LIBRARY = "libc++";
				CLANG_ENABLE_MODULES = YES;
				CLANG_ENABLE_OBJC_ARC = YES;
				CLANG_WARN_BOOL_CONVERSION = YES;
				CLANG_WARN_CONSTANT_CONVERSION = YES;
				CLANG_WARN_DIRECT_OBJC_ISA_USAGE = YES_ERROR;
				CLANG_WARN_EMPTY_BODY = YES;
				CLANG_WARN_ENUM_CONVERSION = YES;
				CLANG_WARN_INT_CONVERSION = YES;
				CLANG_WARN_OBJC_ROOT_CLASS = YES_ERROR;
				CLANG_WARN_UNREACHABLE_CODE = YES;
				CLANG_WARN__DUPLICATE_METHOD_MATCH = YES;
				"CODE_SIGN_IDENTITY[sdk=iphoneos*]" = "iPhone Developer";
				COPY_PHASE_STRIP = YES;
				ENABLE_NS_ASSERTIONS = NO;
				ENABLE_STRICT_OBJC_MSGSEND = YES;
				GCC_C_LANGUAGE_STANDARD = gnu99;
				GCC_WARN_64_TO_32_BIT_CONVERSION = YES;
				GCC_WARN_ABOUT_RETURN_TYPE = YES_ERROR;
				GCC_WARN_UNDECLARED_SELECTOR = YES;
				GCC_WARN_UNINITIALIZED_AUTOS = YES_AGGRESSIVE;
				GCC_WARN_UNUSED_FUNCTION = YES;
				GCC_WARN_UNUSED_VARIABLE = YES;
				IPHONEOS_DEPLOYMENT_TARGET = 8.0;
				MTL_ENABLE_DEBUG_INFO = NO;
				SDKROOT = iphoneos;
				TARGETED_DEVICE_FAMILY = "1,2";
				VALIDATE_PRODUCT = YES;
			};
			name = Release;
		};
		F98CDC0E199848F100A69047 /* Debug */ = {
			isa = XCBuildConfiguration;
			buildSettings = {
				ASSETCATALOG_COMPILER_APPICON_NAME = AppIcon;
				ASSETCATALOG_COMPILER_LAUNCHIMAGE_NAME = LaunchImage;
				INFOPLIST_FILE = MySwiftWay/Info.plist;
				LD_RUNPATH_SEARCH_PATHS = "$(inherited) @executable_path/Frameworks";
				PRODUCT_NAME = "$(TARGET_NAME)";
			};
			name = Debug;
		};
		F98CDC0F199848F100A69047 /* Release */ = {
			isa = XCBuildConfiguration;
			buildSettings = {
				ASSETCATALOG_COMPILER_APPICON_NAME = AppIcon;
				ASSETCATALOG_COMPILER_LAUNCHIMAGE_NAME = LaunchImage;
				INFOPLIST_FILE = MySwiftWay/Info.plist;
				LD_RUNPATH_SEARCH_PATHS = "$(inherited) @executable_path/Frameworks";
				PRODUCT_NAME = "$(TARGET_NAME)";
			};
			name = Release;
		};
		F98CDC11199848F100A69047 /* Debug */ = {
			isa = XCBuildConfiguration;
			buildSettings = {
				BUNDLE_LOADER = "$(TEST_HOST)";
				FRAMEWORK_SEARCH_PATHS = (
					"$(SDKROOT)/Developer/Library/Frameworks",
					"$(inherited)",
				);
				GCC_PREPROCESSOR_DEFINITIONS = (
					"DEBUG=1",
					"$(inherited)",
				);
				INFOPLIST_FILE = MySwiftWayTests/Info.plist;
				LD_RUNPATH_SEARCH_PATHS = "$(inherited) @executable_path/Frameworks @loader_path/Frameworks";
				PRODUCT_NAME = "$(TARGET_NAME)";
				TEST_HOST = "$(BUILT_PRODUCTS_DIR)/MySwiftWay.app/MySwiftWay";
			};
			name = Debug;
		};
		F98CDC12199848F100A69047 /* Release */ = {
			isa = XCBuildConfiguration;
			buildSettings = {
				BUNDLE_LOADER = "$(TEST_HOST)";
				FRAMEWORK_SEARCH_PATHS = (
					"$(SDKROOT)/Developer/Library/Frameworks",
					"$(inherited)",
				);
				INFOPLIST_FILE = MySwiftWayTests/Info.plist;
				LD_RUNPATH_SEARCH_PATHS = "$(inherited) @executable_path/Frameworks @loader_path/Frameworks";
				PRODUCT_NAME = "$(TARGET_NAME)";
				TEST_HOST = "$(BUILT_PRODUCTS_DIR)/MySwiftWay.app/MySwiftWay";
			};
			name = Release;
		};
/* End XCBuildConfiguration section */

/* Begin XCConfigurationList section */
		F98CDBEC199848F100A69047 /* Build configuration list for PBXProject "MySwiftWay" */ = {
			isa = XCConfigurationList;
			buildConfigurations = (
				F98CDC0B199848F100A69047 /* Debug */,
				F98CDC0C199848F100A69047 /* Release */,
			);
			defaultConfigurationIsVisible = 0;
			defaultConfigurationName = Release;
		};
		F98CDC0D199848F100A69047 /* Build configuration list for PBXNativeTarget "MySwiftWay" */ = {
			isa = XCConfigurationList;
			buildConfigurations = (
				F98CDC0E199848F100A69047 /* Debug */,
				F98CDC0F199848F100A69047 /* Release */,
			);
			defaultConfigurationIsVisible = 0;
		};
		F98CDC10199848F100A69047 /* Build configuration list for PBXNativeTarget "MySwiftWayTests" */ = {
			isa = XCConfigurationList;
			buildConfigurations = (
				F98CDC11199848F100A69047 /* Debug */,
				F98CDC12199848F100A69047 /* Release */,
			);
			defaultConfigurationIsVisible = 0;
		};
/* End XCConfigurationList section */
	};
	rootObject = F98CDBE9199848F100A69047 /* Project object */;
}
